
Microsoft Visual Studio Solution File, Format Version 12.00
# Visual Studio Version 17
VisualStudioVersion = 17.13.35919.96
MinimumVisualStudioVersion = 10.0.40219.1
Project("{FAE04EC0-301F-11D3-BF4B-00C04F79EFBC}") = "Phonebook.RyanW84", "Phonebook.RyanW84.csproj", "{A9E0A515-631C-BDF8-D26F-C1289C454DE9}"
EndProject
Project("{2150E333-8FDC-42A3-9474-1A3956D46DE8}") = "Solution Items", "Solution Items", "{8EC462FD-D22E-90A8-E5CE-7E832BA40C5D}"
EndProject
Project("{FAE04EC0-301F-11D3-BF4B-00C04F79EFBC}") = "Phonebook.Ryanw84.UnitTests", "..\Person.Test\Phonebook.Ryanw84.UnitTests.csproj", "{DD379E2B-898F-4F13-B967-F9958B753189}"
EndProject
Global
	GlobalSection(SolutionConfigurationPlatforms) = preSolution
		Debug|Any CPU = Debug|Any CPU
		Release|Any CPU = Release|Any CPU
	EndGlobalSection
	GlobalSection(ProjectConfigurationPlatforms) = postSolution
		{A9E0A515-631C-BDF8-D26F-C1289C454DE9}.Debug|Any CPU.ActiveCfg = Debug|Any CPU
		{A9E0A515-631C-BDF8-D26F-C1289C454DE9}.Debug|Any CPU.Build.0 = Debug|Any CPU
		{A9E0A515-631C-BDF8-D26F-C1289C454DE9}.Release|Any CPU.ActiveCfg = Release|Any CPU
		{A9E0A515-631C-BDF8-D26F-C1289C454DE9}.Release|Any CPU.Build.0 = Release|Any CPU
		{DD379E2B-898F-4F13-B967-F9958B753189}.Debug|Any CPU.ActiveCfg = Debug|Any CPU
		{DD379E2B-898F-4F13-B967-F9958B753189}.Debug|Any CPU.Build.0 = Debug|Any CPU
		{DD379E2B-898F-4F13-B967-F9958B753189}.Release|Any CPU.ActiveCfg = Release|Any CPU
		{DD379E2B-898F-4F13-B967-F9958B753189}.Release|Any CPU.Build.0 = Release|Any CPU
	EndGlobalSection
	GlobalSection(SolutionProperties) = preSolution
		HideSolutionNode = FALSE
	EndGlobalSection
	GlobalSection(ExtensibilityGlobals) = postSolution
		SolutionGuid = {601BF194-5546-4A56-982C-9E95136A53E9}
	EndGlobalSection
EndGlobal
